
Microsoft Visual Studio Solution File, Format Version 12.00
# Visual Studio Version 16
VisualStudioVersion = 16.0.29613.14
MinimumVisualStudioVersion = 10.0.40219.1
Project("{FAE04EC0-301F-11D3-BF4B-00C04F79EFBC}") = "Tanita", "Tanita\Tanita.csproj", "{4F9D0487-A2F4-4246-8305-5B1AA33C452E}"
EndProject
Global
	GlobalSection(SolutionConfigurationPlatforms) = preSolution
		Debug|Any CPU = Debug|Any CPU
		Debug|x86 = Debug|x86
		Release|Any CPU = Release|Any CPU
		Release|x86 = Release|x86
	EndGlobalSection
	GlobalSection(ProjectConfigurationPlatforms) = postSolution
		{4F9D0487-A2F4-4246-8305-5B1AA33C452E}.Debug|Any CPU.ActiveCfg = Debug|Any CPU
		{4F9D0487-A2F4-4246-8305-5B1AA33C452E}.Debug|Any CPU.Build.0 = Debug|Any CPU
		{4F9D0487-A2F4-4246-8305-5B1AA33C452E}.Debug|x86.ActiveCfg = Debug|x86
		{4F9D0487-A2F4-4246-8305-5B1AA33C452E}.Debug|x86.Build.0 = Debug|x86
		{4F9D0487-A2F4-4246-8305-5B1AA33C452E}.Release|Any CPU.ActiveCfg = Release|Any CPU
		{4F9D0487-A2F4-4246-8305-5B1AA33C452E}.Release|Any CPU.Build.0 = Release|Any CPU
		{4F9D0487-A2F4-4246-8305-5B1AA33C452E}.Release|x86.ActiveCfg = Release|x86
		{4F9D0487-A2F4-4246-8305-5B1AA33C452E}.Release|x86.Build.0 = Release|x86
	EndGlobalSection
	GlobalSection(SolutionProperties) = preSolution
		HideSolutionNode = FALSE
	EndGlobalSection
	GlobalSection(ExtensibilityGlobals) = postSolution
		VisualSVNWorkingCopyRoot = .
		SolutionGuid = {A9DB4C9F-C42A-4CA4-9331-18D695B52CEF}
	EndGlobalSection
	GlobalSection(Performance) = preSolution
		HasPerformanceSessions = true
	EndGlobalSection
	GlobalSection(Performance) = preSolution
		HasPerformanceSessions = true
	EndGlobalSection
EndGlobal
